
Microsoft Visual Studio Solution File, Format Version 12.00
# Visual Studio Version 17
VisualStudioVersion = 17.8.34316.72
MinimumVisualStudioVersion = 10.0.40219.1
Project("{FAE04EC0-301F-11D3-BF4B-00C04F79EFBC}") = "WebApi.Sender", "WebApi.Sender\WebApi.Sender.csproj", "{E2126FBB-CF77-4575-B171-D704F2CC877C}"
EndProject
Project("{FAE04EC0-301F-11D3-BF4B-00C04F79EFBC}") = "Models", "Models\Models.csproj", "{A7D4CBB4-DBAE-4286-8498-394058BCF943}"
EndProject
Project("{FAE04EC0-301F-11D3-BF4B-00C04F79EFBC}") = "Device.Receiver", "Device.Receiver\Device.Receiver.csproj", "{DD5D8550-AB18-4A6F-A46C-968E6EB9506A}"
EndProject
Global
	GlobalSection(SolutionConfigurationPlatforms) = preSolution
		Debug|Any CPU = Debug|Any CPU
		Release|Any CPU = Release|Any CPU
	EndGlobalSection
	GlobalSection(ProjectConfigurationPlatforms) = postSolution
		{E2126FBB-CF77-4575-B171-D704F2CC877C}.Debug|Any CPU.ActiveCfg = Debug|Any CPU
		{E2126FBB-CF77-4575-B171-D704F2CC877C}.Debug|Any CPU.Build.0 = Debug|Any CPU
		{E2126FBB-CF77-4575-B171-D704F2CC877C}.Release|Any CPU.ActiveCfg = Release|Any CPU
		{E2126FBB-CF77-4575-B171-D704F2CC877C}.Release|Any CPU.Build.0 = Release|Any CPU
		{A7D4CBB4-DBAE-4286-8498-394058BCF943}.Debug|Any CPU.ActiveCfg = Debug|Any CPU
		{A7D4CBB4-DBAE-4286-8498-394058BCF943}.Debug|Any CPU.Build.0 = Debug|Any CPU
		{A7D4CBB4-DBAE-4286-8498-394058BCF943}.Release|Any CPU.ActiveCfg = Release|Any CPU
		{A7D4CBB4-DBAE-4286-8498-394058BCF943}.Release|Any CPU.Build.0 = Release|Any CPU
		{DD5D8550-AB18-4A6F-A46C-968E6EB9506A}.Debug|Any CPU.ActiveCfg = Debug|Any CPU
		{DD5D8550-AB18-4A6F-A46C-968E6EB9506A}.Debug|Any CPU.Build.0 = Debug|Any CPU
		{DD5D8550-AB18-4A6F-A46C-968E6EB9506A}.Release|Any CPU.ActiveCfg = Release|Any CPU
		{DD5D8550-AB18-4A6F-A46C-968E6EB9506A}.Release|Any CPU.Build.0 = Release|Any CPU
	EndGlobalSection
	GlobalSection(SolutionProperties) = preSolution
		HideSolutionNode = FALSE
	EndGlobalSection
	GlobalSection(ExtensibilityGlobals) = postSolution
		SolutionGuid = {6A3A07C6-3CFF-44A0-B9DE-E7A86CA158B6}
	EndGlobalSection
EndGlobal
